// !$*UTF8*$!
{
	archiveVersion = 1;
	classes = {
	};
	objectVersion = 50;
	objects = {

/* Begin PBXBuildFile section */
		05FBC31D20E3F196466085A2 /* Pods_Todoey.framework in Frameworks */ = {isa = PBXBuildFile; fileRef = 6C814B5B73BD2FEDD3CE6ACC /* Pods_Todoey.framework */; };
		E970199523F7076D00F4E729 /* Item.swift in Sources */ = {isa = PBXBuildFile; fileRef = E970199423F7076D00F4E729 /* Item.swift */; };
		E970199723F7078200F4E729 /* Category.swift in Sources */ = {isa = PBXBuildFile; fileRef = E970199623F7078200F4E729 /* Category.swift */; };
		E970199923F70EA200F4E729 /* SwipeTableViewController.swift in Sources */ = {isa = PBXBuildFile; fileRef = E970199823F70EA200F4E729 /* SwipeTableViewController.swift */; };
		E9720E7623F6319E002EC3FB /* CategoryViewController.swift in Sources */ = {isa = PBXBuildFile; fileRef = E9720E7523F6319E002EC3FB /* CategoryViewController.swift */; };
		E9FB1B6123F2454F0076B383 /* AppDelegate.swift in Sources */ = {isa = PBXBuildFile; fileRef = E9FB1B6023F2454F0076B383 /* AppDelegate.swift */; };
		E9FB1B6323F2454F0076B383 /* SceneDelegate.swift in Sources */ = {isa = PBXBuildFile; fileRef = E9FB1B6223F2454F0076B383 /* SceneDelegate.swift */; };
		E9FB1B6523F2454F0076B383 /* TodoListViewController.swift in Sources */ = {isa = PBXBuildFile; fileRef = E9FB1B6423F2454F0076B383 /* TodoListViewController.swift */; };
		E9FB1B6823F2454F0076B383 /* Main.storyboard in Resources */ = {isa = PBXBuildFile; fileRef = E9FB1B6623F2454F0076B383 /* Main.storyboard */; };
		E9FB1B6A23F245500076B383 /* Assets.xcassets in Resources */ = {isa = PBXBuildFile; fileRef = E9FB1B6923F245500076B383 /* Assets.xcassets */; };
		E9FB1B6D23F245500076B383 /* LaunchScreen.storyboard in Resources */ = {isa = PBXBuildFile; fileRef = E9FB1B6B23F245500076B383 /* LaunchScreen.storyboard */; };
/* End PBXBuildFile section */

/* Begin PBXFileReference section */
		57F1329286BE6A58D3098F35 /* Pods-Todoey.release.xcconfig */ = {isa = PBXFileReference; includeInIndex = 1; lastKnownFileType = text.xcconfig; name = "Pods-Todoey.release.xcconfig"; path = "Pods/Target Support Files/Pods-Todoey/Pods-Todoey.release.xcconfig"; sourceTree = "<group>"; };
		62897D1B8091B6F02910CCFA /* Pods-Todoey.debug.xcconfig */ = {isa = PBXFileReference; includeInIndex = 1; lastKnownFileType = text.xcconfig; name = "Pods-Todoey.debug.xcconfig"; path = "Pods/Target Support Files/Pods-Todoey/Pods-Todoey.debug.xcconfig"; sourceTree = "<group>"; };
		6C814B5B73BD2FEDD3CE6ACC /* Pods_Todoey.framework */ = {isa = PBXFileReference; explicitFileType = wrapper.framework; includeInIndex = 0; path = Pods_Todoey.framework; sourceTree = BUILT_PRODUCTS_DIR; };
		E970199423F7076D00F4E729 /* Item.swift */ = {isa = PBXFileReference; lastKnownFileType = sourcecode.swift; path = Item.swift; sourceTree = "<group>"; };
		E970199623F7078200F4E729 /* Category.swift */ = {isa = PBXFileReference; lastKnownFileType = sourcecode.swift; path = Category.swift; sourceTree = "<group>"; };
		E970199823F70EA200F4E729 /* SwipeTableViewController.swift */ = {isa = PBXFileReference; lastKnownFileType = sourcecode.swift; path = SwipeTableViewController.swift; sourceTree = "<group>"; };
		E9720E7523F6319E002EC3FB /* CategoryViewController.swift */ = {isa = PBXFileReference; lastKnownFileType = sourcecode.swift; path = CategoryViewController.swift; sourceTree = "<group>"; };
		E9FB1B5D23F2454F0076B383 /* Todoey.app */ = {isa = PBXFileReference; explicitFileType = wrapper.application; includeInIndex = 0; path = Todoey.app; sourceTree = BUILT_PRODUCTS_DIR; };
		E9FB1B6023F2454F0076B383 /* AppDelegate.swift */ = {isa = PBXFileReference; lastKnownFileType = sourcecode.swift; path = AppDelegate.swift; sourceTree = "<group>"; };
		E9FB1B6223F2454F0076B383 /* SceneDelegate.swift */ = {isa = PBXFileReference; lastKnownFileType = sourcecode.swift; path = SceneDelegate.swift; sourceTree = "<group>"; };
		E9FB1B6423F2454F0076B383 /* TodoListViewController.swift */ = {isa = PBXFileReference; lastKnownFileType = sourcecode.swift; path = TodoListViewController.swift; sourceTree = "<group>"; };
		E9FB1B6723F2454F0076B383 /* Base */ = {isa = PBXFileReference; lastKnownFileType = file.storyboard; name = Base; path = Base.lproj/Main.storyboard; sourceTree = "<group>"; };
		E9FB1B6923F245500076B383 /* Assets.xcassets */ = {isa = PBXFileReference; lastKnownFileType = folder.assetcatalog; path = Assets.xcassets; sourceTree = "<group>"; };
		E9FB1B6C23F245500076B383 /* Base */ = {isa = PBXFileReference; lastKnownFileType = file.storyboard; name = Base; path = Base.lproj/LaunchScreen.storyboard; sourceTree = "<group>"; };
		E9FB1B6E23F245500076B383 /* Info.plist */ = {isa = PBXFileReference; lastKnownFileType = text.plist.xml; path = Info.plist; sourceTree = "<group>"; };
/* End PBXFileReference section */

/* Begin PBXFrameworksBuildPhase section */
		E9FB1B5A23F2454F0076B383 /* Frameworks */ = {
			isa = PBXFrameworksBuildPhase;
			buildActionMask = 2147483647;
			files = (
				05FBC31D20E3F196466085A2 /* Pods_Todoey.framework in Frameworks */,
			);
			runOnlyForDeploymentPostprocessing = 0;
		};
/* End PBXFrameworksBuildPhase section */

/* Begin PBXGroup section */
		8057833F038414BE0C684348 /* Pods */ = {
			isa = PBXGroup;
			children = (
				62897D1B8091B6F02910CCFA /* Pods-Todoey.debug.xcconfig */,
				57F1329286BE6A58D3098F35 /* Pods-Todoey.release.xcconfig */,
			);
			name = Pods;
			sourceTree = "<group>";
		};
		918740FA2FD46739B5B26F69 /* Frameworks */ = {
			isa = PBXGroup;
			children = (
				6C814B5B73BD2FEDD3CE6ACC /* Pods_Todoey.framework */,
			);
			name = Frameworks;
			sourceTree = "<group>";
		};
		E9720E7723F639E7002EC3FB /* Controllers */ = {
			isa = PBXGroup;
			children = (
				E9720E7523F6319E002EC3FB /* CategoryViewController.swift */,
				E970199823F70EA200F4E729 /* SwipeTableViewController.swift */,
				E9FB1B6423F2454F0076B383 /* TodoListViewController.swift */,
			);
			path = Controllers;
			sourceTree = "<group>";
		};
		E9720E7823F63A30002EC3FB /* Views */ = {
			isa = PBXGroup;
			children = (
				E9FB1B6623F2454F0076B383 /* Main.storyboard */,
			);
			path = Views;
			sourceTree = "<group>";
		};
		E9720E7923F63A78002EC3FB /* Supporting Files */ = {
			isa = PBXGroup;
			children = (
				E9FB1B6923F245500076B383 /* Assets.xcassets */,
				E9FB1B6B23F245500076B383 /* LaunchScreen.storyboard */,
			);
			path = "Supporting Files";
			sourceTree = "<group>";
		};
		E9720E7C23F63B40002EC3FB /* Data Model */ = {
			isa = PBXGroup;
			children = (
				E970199623F7078200F4E729 /* Category.swift */,
				E970199423F7076D00F4E729 /* Item.swift */,
			);
			path = "Data Model";
			sourceTree = "<group>";
		};
		E9FB1B5423F2454F0076B383 = {
			isa = PBXGroup;
			children = (
				E9FB1B5F23F2454F0076B383 /* Todoey */,
				E9FB1B5E23F2454F0076B383 /* Products */,
				8057833F038414BE0C684348 /* Pods */,
				918740FA2FD46739B5B26F69 /* Frameworks */,
			);
			sourceTree = "<group>";
		};
		E9FB1B5E23F2454F0076B383 /* Products */ = {
			isa = PBXGroup;
			children = (
				E9FB1B5D23F2454F0076B383 /* Todoey.app */,
			);
			name = Products;
			sourceTree = "<group>";
		};
		E9FB1B5F23F2454F0076B383 /* Todoey */ = {
			isa = PBXGroup;
			children = (
				E9FB1B6023F2454F0076B383 /* AppDelegate.swift */,
				E9FB1B6223F2454F0076B383 /* SceneDelegate.swift */,
				E9720E7723F639E7002EC3FB /* Controllers */,
				E9720E7C23F63B40002EC3FB /* Data Model */,
				E9720E7823F63A30002EC3FB /* Views */,
				E9720E7923F63A78002EC3FB /* Supporting Files */,
				E9FB1B6E23F245500076B383 /* Info.plist */,
			);
			path = Todoey;
			sourceTree = "<group>";
		};
/* End PBXGroup section */

/* Begin PBXNativeTarget section */
		E9FB1B5C23F2454F0076B383 /* Todoey */ = {
			isa = PBXNativeTarget;
			buildConfigurationList = E9FB1B7123F245500076B383 /* Build configuration list for PBXNativeTarget "Todoey" */;
			buildPhases = (
				7720B57316478C7B05708E28 /* [CP] Check Pods Manifest.lock */,
				E9FB1B5923F2454F0076B383 /* Sources */,
				E9FB1B5A23F2454F0076B383 /* Frameworks */,
				E9FB1B5B23F2454F0076B383 /* Resources */,
				99AA31F63F1C5A6D515AD821 /* [CP] Embed Pods Frameworks */,
			);
			buildRules = (
			);
			dependencies = (
			);
			name = Todoey;
			productName = Todoey;
			productReference = E9FB1B5D23F2454F0076B383 /* Todoey.app */;
			productType = "com.apple.product-type.application";
		};
/* End PBXNativeTarget section */

/* Begin PBXProject section */
		E9FB1B5523F2454F0076B383 /* Project object */ = {
			isa = PBXProject;
			attributes = {
				LastSwiftUpdateCheck = 1130;
				LastUpgradeCheck = 1130;
				ORGANIZATIONNAME = "Sherif Musa";
				TargetAttributes = {
					E9FB1B5C23F2454F0076B383 = {
						CreatedOnToolsVersion = 11.3.1;
					};
				};
			};
			buildConfigurationList = E9FB1B5823F2454F0076B383 /* Build configuration list for PBXProject "Todoey" */;
			compatibilityVersion = "Xcode 9.3";
			developmentRegion = en;
			hasScannedForEncodings = 0;
			knownRegions = (
				en,
				Base,
			);
			mainGroup = E9FB1B5423F2454F0076B383;
			productRefGroup = E9FB1B5E23F2454F0076B383 /* Products */;
			projectDirPath = "";
			projectRoot = "";
			targets = (
				E9FB1B5C23F2454F0076B383 /* Todoey */,
			);
		};
/* End PBXProject section */

/* Begin PBXResourcesBuildPhase section */
		E9FB1B5B23F2454F0076B383 /* Resources */ = {
			isa = PBXResourcesBuildPhase;
			buildActionMask = 2147483647;
			files = (
				E9FB1B6D23F245500076B383 /* LaunchScreen.storyboard in Resources */,
				E9FB1B6A23F245500076B383 /* Assets.xcassets in Resources */,
				E9FB1B6823F2454F0076B383 /* Main.storyboard in Resources */,
			);
			runOnlyForDeploymentPostprocessing = 0;
		};
/* End PBXResourcesBuildPhase section */

/* Begin PBXShellScriptBuildPhase section */
		7720B57316478C7B05708E28 /* [CP] Check Pods Manifest.lock */ = {
			isa = PBXShellScriptBuildPhase;
			buildActionMask = 2147483647;
			files = (
			);
			inputPaths = (
				"${PODS_PODFILE_DIR_PATH}/Podfile.lock",
				"${PODS_ROOT}/Manifest.lock",
			);
			name = "[CP] Check Pods Manifest.lock";
			outputPaths = (
				"$(DERIVED_FILE_DIR)/Pods-Todoey-checkManifestLockResult.txt",
			);
			runOnlyForDeploymentPostprocessing = 0;
			shellPath = /bin/sh;
			shellScript = "diff \"${PODS_PODFILE_DIR_PATH}/Podfile.lock\" \"${PODS_ROOT}/Manifest.lock\" > /dev/null\nif [ $? != 0 ] ; then\n    # print error to STDERR\n    echo \"error: The sandbox is not in sync with the Podfile.lock. Run 'pod install' or update your CocoaPods installation.\" >&2\n    exit 1\nfi\n# This output is used by Xcode 'outputs' to avoid re-running this script phase.\necho \"SUCCESS\" > \"${SCRIPT_OUTPUT_FILE_0}\"\n";
			showEnvVarsInLog = 0;
		};
		99AA31F63F1C5A6D515AD821 /* [CP] Embed Pods Frameworks */ = {
			isa = PBXShellScriptBuildPhase;
			buildActionMask = 2147483647;
			files = (
			);
			inputPaths = (
				"${SRCROOT}/Pods/Target Support Files/Pods-Todoey/Pods-Todoey-frameworks.sh",
				"${BUILT_PRODUCTS_DIR}/Realm/Realm.framework",
				"${BUILT_PRODUCTS_DIR}/RealmSwift/RealmSwift.framework",
				"${BUILT_PRODUCTS_DIR}/SwipeCellKit/SwipeCellKit.framework",
			);
			name = "[CP] Embed Pods Frameworks";
			outputPaths = (
				"${TARGET_BUILD_DIR}/${FRAMEWORKS_FOLDER_PATH}/Realm.framework",
				"${TARGET_BUILD_DIR}/${FRAMEWORKS_FOLDER_PATH}/RealmSwift.framework",
				"${TARGET_BUILD_DIR}/${FRAMEWORKS_FOLDER_PATH}/SwipeCellKit.framework",
			);
			runOnlyForDeploymentPostprocessing = 0;
			shellPath = /bin/sh;
			shellScript = "\"${SRCROOT}/Pods/Target Support Files/Pods-Todoey/Pods-Todoey-frameworks.sh\"\n";
			showEnvVarsInLog = 0;
		};
/* End PBXShellScriptBuildPhase section */

/* Begin PBXSourcesBuildPhase section */
		E9FB1B5923F2454F0076B383 /* Sources */ = {
			isa = PBXSourcesBuildPhase;
			buildActionMask = 2147483647;
			files = (
				E9720E7623F6319E002EC3FB /* CategoryViewController.swift in Sources */,
				E9FB1B6523F2454F0076B383 /* TodoListViewController.swift in Sources */,
				E9FB1B6123F2454F0076B383 /* AppDelegate.swift in Sources */,
				E970199923F70EA200F4E729 /* SwipeTableViewController.swift in Sources */,
				E970199523F7076D00F4E729 /* Item.swift in Sources */,
				E9FB1B6323F2454F0076B383 /* SceneDelegate.swift in Sources */,
				E970199723F7078200F4E729 /* Category.swift in Sources */,
			);
			runOnlyForDeploymentPostprocessing = 0;
		};
/* End PBXSourcesBuildPhase section */

/* Begin PBXVariantGroup section */
		E9FB1B6623F2454F0076B383 /* Main.storyboard */ = {
			isa = PBXVariantGroup;
			children = (
				E9FB1B6723F2454F0076B383 /* Base */,
			);
			name = Main.storyboard;
			sourceTree = "<group>";
		};
		E9FB1B6B23F245500076B383 /* LaunchScreen.storyboard */ = {
			isa = PBXVariantGroup;
			children = (
				E9FB1B6C23F245500076B383 /* Base */,
			);
			name = LaunchScreen.storyboard;
			sourceTree = "<group>";
		};
/* End PBXVariantGroup section */

/* Begin XCBuildConfiguration section */
		E9FB1B6F23F245500076B383 /* Debug */ = {
			isa = XCBuildConfiguration;
			buildSettings = {
				ALWAYS_SEARCH_USER_PATHS = NO;
				CLANG_ANALYZER_NONNULL = YES;
				CLANG_ANALYZER_NUMBER_OBJECT_CONVERSION = YES_AGGRESSIVE;
				CLANG_CXX_LANGUAGE_STANDARD = "gnu++14";
				CLANG_CXX_LIBRARY = "libc++";
				CLANG_ENABLE_MODULES = YES;
				CLANG_ENABLE_OBJC_ARC = YES;
				CLANG_ENABLE_OBJC_WEAK = YES;
				CLANG_WARN_BLOCK_CAPTURE_AUTORELEASING = YES;
				CLANG_WARN_BOOL_CONVERSION = YES;
				CLANG_WARN_COMMA = YES;
				CLANG_WARN_CONSTANT_CONVERSION = YES;
				CLANG_WARN_DEPRECATED_OBJC_IMPLEMENTATIONS = YES;
				CLANG_WARN_DIRECT_OBJC_ISA_USAGE = YES_ERROR;
				CLANG_WARN_DOCUMENTATION_COMMENTS = YES;
				CLANG_WARN_EMPTY_BODY = YES;
				CLANG_WARN_ENUM_CONVERSION = YES;
				CLANG_WARN_INFINITE_RECURSION = YES;
				CLANG_WARN_INT_CONVERSION = YES;
				CLANG_WARN_NON_LITERAL_NULL_CONVERSION = YES;
				CLANG_WARN_OBJC_IMPLICIT_RETAIN_SELF = YES;
				CLANG_WARN_OBJC_LITERAL_CONVERSION = YES;
				CLANG_WARN_OBJC_ROOT_CLASS = YES_ERROR;
				CLANG_WARN_RANGE_LOOP_ANALYSIS = YES;
				CLANG_WARN_STRICT_PROTOTYPES = YES;
				CLANG_WARN_SUSPICIOUS_MOVE = YES;
				CLANG_WARN_UNGUARDED_AVAILABILITY = YES_AGGRESSIVE;
				CLANG_WARN_UNREACHABLE_CODE = YES;
				CLANG_WARN__DUPLICATE_METHOD_MATCH = YES;
				COPY_PHASE_STRIP = NO;
				DEBUG_INFORMATION_FORMAT = dwarf;
				ENABLE_STRICT_OBJC_MSGSEND = YES;
				ENABLE_TESTABILITY = YES;
				GCC_C_LANGUAGE_STANDARD = gnu11;
				GCC_DYNAMIC_NO_PIC = NO;
				GCC_NO_COMMON_BLOCKS = YES;
				GCC_OPTIMIZATION_LEVEL = 0;
				GCC_PREPROCESSOR_DEFINITIONS = (
					"DEBUG=1",
					"$(inherited)",
				);
				GCC_WARN_64_TO_32_BIT_CONVERSION = YES;
				GCC_WARN_ABOUT_RETURN_TYPE = YES_ERROR;
				GCC_WARN_UNDECLARED_SELECTOR = YES;
				GCC_WARN_UNINITIALIZED_AUTOS = YES_AGGRESSIVE;
				GCC_WARN_UNUSED_FUNCTION = YES;
				GCC_WARN_UNUSED_VARIABLE = YES;
				IPHONEOS_DEPLOYMENT_TARGET = 13.2;
				MTL_ENABLE_DEBUG_INFO = INCLUDE_SOURCE;
				MTL_FAST_MATH = YES;
				ONLY_ACTIVE_ARCH = YES;
				SDKROOT = iphoneos;
				SWIFT_ACTIVE_COMPILATION_CONDITIONS = DEBUG;
				SWIFT_OPTIMIZATION_LEVEL = "-Onone";
			};
			name = Debug;
		};
		E9FB1B7023F245500076B383 /* Release */ = {
			isa = XCBuildConfiguration;
			buildSettings = {
				ALWAYS_SEARCH_USER_PATHS = NO;
				CLANG_ANALYZER_NONNULL = YES;
				CLANG_ANALYZER_NUMBER_OBJECT_CONVERSION = YES_AGGRESSIVE;
				CLANG_CXX_LANGUAGE_STANDARD = "gnu++14";
				CLANG_CXX_LIBRARY = "libc++";
				CLANG_ENABLE_MODULES = YES;
				CLANG_ENABLE_OBJC_ARC = YES;
				CLANG_ENABLE_OBJC_WEAK = YES;
				CLANG_WARN_BLOCK_CAPTURE_AUTORELEASING = YES;
				CLANG_WARN_BOOL_CONVERSION = YES;
				CLANG_WARN_COMMA = YES;
				CLANG_WARN_CONSTANT_CONVERSION = YES;
				CLANG_WARN_DEPRECATED_OBJC_IMPLEMENTATIONS = YES;
				CLANG_WARN_DIRECT_OBJC_ISA_USAGE = YES_ERROR;
				CLANG_WARN_DOCUMENTATION_COMMENTS = YES;
				CLANG_WARN_EMPTY_BODY = YES;
				CLANG_WARN_ENUM_CONVERSION = YES;
				CLANG_WARN_INFINITE_RECURSION = YES;
				CLANG_WARN_INT_CONVERSION = YES;
				CLANG_WARN_NON_LITERAL_NULL_CONVERSION = YES;
				CLANG_WARN_OBJC_IMPLICIT_RETAIN_SELF = YES;
				CLANG_WARN_OBJC_LITERAL_CONVERSION = YES;
				CLANG_WARN_OBJC_ROOT_CLASS = YES_ERROR;
				CLANG_WARN_RANGE_LOOP_ANALYSIS = YES;
				CLANG_WARN_STRICT_PROTOTYPES = YES;
				CLANG_WARN_SUSPICIOUS_MOVE = YES;
				CLANG_WARN_UNGUARDED_AVAILABILITY = YES_AGGRESSIVE;
				CLANG_WARN_UNREACHABLE_CODE = YES;
				CLANG_WARN__DUPLICATE_METHOD_MATCH = YES;
				COPY_PHASE_STRIP = NO;
				DEBUG_INFORMATION_FORMAT = "dwarf-with-dsym";
				ENABLE_NS_ASSERTIONS = NO;
				ENABLE_STRICT_OBJC_MSGSEND = YES;
				GCC_C_LANGUAGE_STANDARD = gnu11;
				GCC_NO_COMMON_BLOCKS = YES;
				GCC_WARN_64_TO_32_BIT_CONVERSION = YES;
				GCC_WARN_ABOUT_RETURN_TYPE = YES_ERROR;
				GCC_WARN_UNDECLARED_SELECTOR = YES;
				GCC_WARN_UNINITIALIZED_AUTOS = YES_AGGRESSIVE;
				GCC_WARN_UNUSED_FUNCTION = YES;
				GCC_WARN_UNUSED_VARIABLE = YES;
				IPHONEOS_DEPLOYMENT_TARGET = 13.2;
				MTL_ENABLE_DEBUG_INFO = NO;
				MTL_FAST_MATH = YES;
				SDKROOT = iphoneos;
				SWIFT_COMPILATION_MODE = wholemodule;
				SWIFT_OPTIMIZATION_LEVEL = "-O";
				VALIDATE_PRODUCT = YES;
			};
			name = Release;
		};
		E9FB1B7223F245500076B383 /* Debug */ = {
			isa = XCBuildConfiguration;
			baseConfigurationReference = 62897D1B8091B6F02910CCFA /* Pods-Todoey.debug.xcconfig */;
			buildSettings = {
				ASSETCATALOG_COMPILER_APPICON_NAME = AppIcon;
				CODE_SIGN_STYLE = Automatic;
				DEVELOPMENT_TEAM = RYP5ZDTU4M;
				INFOPLIST_FILE = Todoey/Info.plist;
				LD_RUNPATH_SEARCH_PATHS = (
					"$(inherited)",
					"@executable_path/Frameworks",
				);
				PRODUCT_BUNDLE_IDENTIFIER = CoinToss.Todoey;
				PRODUCT_NAME = "$(TARGET_NAME)";
				SWIFT_VERSION = 5.0;
				TARGETED_DEVICE_FAMILY = "1,2";
			};
			name = Debug;
		};
		E9FB1B7323F245500076B383 /* Release */ = {
			isa = XCBuildConfiguration;
			baseConfigurationReference = 57F1329286BE6A58D3098F35 /* Pods-Todoey.release.xcconfig */;
			buildSettings = {
				ASSETCATALOG_COMPILER_APPICON_NAME = AppIcon;
				CODE_SIGN_STYLE = Automatic;
				DEVELOPMENT_TEAM = RYP5ZDTU4M;
				INFOPLIST_FILE = Todoey/Info.plist;
				LD_RUNPATH_SEARCH_PATHS = (
					"$(inherited)",
					"@executable_path/Frameworks",
				);
				PRODUCT_BUNDLE_IDENTIFIER = CoinToss.Todoey;
				PRODUCT_NAME = "$(TARGET_NAME)";
				SWIFT_VERSION = 5.0;
				TARGETED_DEVICE_FAMILY = "1,2";
			};
			name = Release;
		};
/* End XCBuildConfiguration section */

/* Begin XCConfigurationList section */
		E9FB1B5823F2454F0076B383 /* Build configuration list for PBXProject "Todoey" */ = {
			isa = XCConfigurationList;
			buildConfigurations = (
				E9FB1B6F23F245500076B383 /* Debug */,
				E9FB1B7023F245500076B383 /* Release */,
			);
			defaultConfigurationIsVisible = 0;
			defaultConfigurationName = Release;
		};
		E9FB1B7123F245500076B383 /* Build configuration list for PBXNativeTarget "Todoey" */ = {
			isa = XCConfigurationList;
			buildConfigurations = (
				E9FB1B7223F245500076B383 /* Debug */,
				E9FB1B7323F245500076B383 /* Release */,
			);
			defaultConfigurationIsVisible = 0;
			defaultConfigurationName = Release;
		};
/* End XCConfigurationList section */
	};
	rootObject = E9FB1B5523F2454F0076B383 /* Project object */;
}
